{
    "_meta": {
        "hash": {
            "sha256": "3259f025fe373f8d0756505bc67363ce4ee71ded67cc92b2ce29bdd654224336"
        },
        "pipfile-spec": 6,
        "requires": {
            "python_version": "3.10"
        },
        "sources": [
            {
                "name": "pypi",
                "url": "https://pypi.org/simple",
                "verify_ssl": true
            }
        ]
    },
    "default": {
        "bcrypt": {
            "hashes": [
                "sha256:0b0f0c7141622a31e9734b7f649451147c04ebb5122327ac0bd23744df84be90",
                "sha256:1c3334446fac200499e8bc04a530ce3cf0b3d7151e0e4ac5c0dddd3d95e97843",
                "sha256:2d0dd19aad87e4ab882ef1d12df505f4c52b28b69666ce83c528f42c07379227",
                "sha256:594780b364fb45f2634c46ec8d3e61c1c0f1811c4f2da60e8eb15594ecbf93ed",
                "sha256:7c7dd6c1f05bf89e65261d97ac3a6520f34c2acb369afb57e3ea4449be6ff8fd",
                "sha256:845b1daf4df2dd94d2fdbc9454953ca9dd0e12970a0bfc9f3dcc6faea3fa96e4",
                "sha256:8780e69f9deec9d60f947b169507d2c9816e4f11548f1f7ebee2af38b9b22ae4",
                "sha256:bf413f2a9b0a2950fc750998899013f2e718d20fa4a58b85ca50b6df5ed1bbf9",
                "sha256:bfb67f6a6c72dfb0a02f3df51550aa1862708e55128b22543e2b42c74f3620d7",
                "sha256:c59c170fc9225faad04dde1ba61d85b413946e8ce2e5f5f5ff30dfd67283f319",
                "sha256:dc6ec3dc19b1c193b2f7cf279d3e32e7caf447532fbcb7af0906fe4398900c33",
                "sha256:ede0f506554571c8eda80db22b83c139303ec6b595b8f60c4c8157bdd0bdee36"
            ],
            "index": "pypi",
            "version": "==4.0.0"
        }
    },
    "develop": {}
}
